// !$*UTF8*$!
{
	archiveVersion = 1;
	classes = {
	};
	objectVersion = 46;
	objects = {

/* Begin PBXBuildFile section */
		FB9D0BEF1D6B6E0B00C11105 /* AppDelegate.swift in Sources */ = {isa = PBXBuildFile; fileRef = FB9D0BEE1D6B6E0B00C11105 /* AppDelegate.swift */; };
		FB9D0BF11D6B6E0B00C11105 /* ViewController.swift in Sources */ = {isa = PBXBuildFile; fileRef = FB9D0BF01D6B6E0B00C11105 /* ViewController.swift */; };
		FB9D0BF41D6B6E0B00C11105 /* Main.storyboard in Resources */ = {isa = PBXBuildFile; fileRef = FB9D0BF21D6B6E0B00C11105 /* Main.storyboard */; };
		FB9D0BF61D6B6E0B00C11105 /* Assets.xcassets in Resources */ = {isa = PBXBuildFile; fileRef = FB9D0BF51D6B6E0B00C11105 /* Assets.xcassets */; };
		FB9D0BF91D6B6E0B00C11105 /* LaunchScreen.storyboard in Resources */ = {isa = PBXBuildFile; fileRef = FB9D0BF71D6B6E0B00C11105 /* LaunchScreen.storyboard */; };
/* End PBXBuildFile section */

/* Begin PBXFileReference section */
		FB9D0BEB1D6B6E0B00C11105 /* UIViewGame.app */ = {isa = PBXFileReference; explicitFileType = wrapper.application; includeInIndex = 0; path = UIViewGame.app; sourceTree = BUILT_PRODUCTS_DIR; };
		FB9D0BEE1D6B6E0B00C11105 /* AppDelegate.swift */ = {isa = PBXFileReference; lastKnownFileType = sourcecode.swift; path = AppDelegate.swift; sourceTree = "<group>"; };
		FB9D0BF01D6B6E0B00C11105 /* ViewController.swift */ = {isa = PBXFileReference; lastKnownFileType = sourcecode.swift; path = ViewController.swift; sourceTree = "<group>"; };
		FB9D0BF31D6B6E0B00C11105 /* Base */ = {isa = PBXFileReference; lastKnownFileType = file.storyboard; name = Base; path = Base.lproj/Main.storyboard; sourceTree = "<group>"; };
		FB9D0BF51D6B6E0B00C11105 /* Assets.xcassets */ = {isa = PBXFileReference; lastKnownFileType = folder.assetcatalog; path = Assets.xcassets; sourceTree = "<group>"; };
		FB9D0BF81D6B6E0B00C11105 /* Base */ = {isa = PBXFileReference; lastKnownFileType = file.storyboard; name = Base; path = Base.lproj/LaunchScreen.storyboard; sourceTree = "<group>"; };
		FB9D0BFA1D6B6E0B00C11105 /* Info.plist */ = {isa = PBXFileReference; lastKnownFileType = text.plist.xml; path = Info.plist; sourceTree = "<group>"; };
/* End PBXFileReference section */

/* Begin PBXFrameworksBuildPhase section */
		FB9D0BE81D6B6E0B00C11105 /* Frameworks */ = {
			isa = PBXFrameworksBuildPhase;
			buildActionMask = 2147483647;
			files = (
			);
			runOnlyForDeploymentPostprocessing = 0;
		};
/* End PBXFrameworksBuildPhase section */

/* Begin PBXGroup section */
		FB9D0BE21D6B6E0B00C11105 = {
			isa = PBXGroup;
			children = (
				FB9D0BED1D6B6E0B00C11105 /* UIViewGame */,
				FB9D0BEC1D6B6E0B00C11105 /* Products */,
			);
			sourceTree = "<group>";
		};
		FB9D0BEC1D6B6E0B00C11105 /* Products */ = {
			isa = PBXGroup;
			children = (
				FB9D0BEB1D6B6E0B00C11105 /* UIViewGame.app */,
			);
			name = Products;
			sourceTree = "<group>";
		};
		FB9D0BED1D6B6E0B00C11105 /* UIViewGame */ = {
			isa = PBXGroup;
			children = (
				FB9D0BEE1D6B6E0B00C11105 /* AppDelegate.swift */,
				FB9D0BF01D6B6E0B00C11105 /* ViewController.swift */,
				FB9D0BF21D6B6E0B00C11105 /* Main.storyboard */,
				FB9D0BF51D6B6E0B00C11105 /* Assets.xcassets */,
				FB9D0BF71D6B6E0B00C11105 /* LaunchScreen.storyboard */,
				FB9D0BFA1D6B6E0B00C11105 /* Info.plist */,
			);
			path = UIViewGame;
			sourceTree = "<group>";
		};
/* End PBXGroup section */

/* Begin PBXNativeTarget section */
		FB9D0BEA1D6B6E0B00C11105 /* UIViewGame */ = {
			isa = PBXNativeTarget;
			buildConfigurationList = FB9D0BFD1D6B6E0B00C11105 /* Build configuration list for PBXNativeTarget "UIViewGame" */;
			buildPhases = (
				FB9D0BE71D6B6E0B00C11105 /* Sources */,
				FB9D0BE81D6B6E0B00C11105 /* Frameworks */,
				FB9D0BE91D6B6E0B00C11105 /* Resources */,
			);
			buildRules = (
			);
			dependencies = (
			);
			name = UIViewGame;
			productName = UIViewGame;
			productReference = FB9D0BEB1D6B6E0B00C11105 /* UIViewGame.app */;
			productType = "com.apple.product-type.application";
		};
/* End PBXNativeTarget section */

/* Begin PBXProject section */
		FB9D0BE31D6B6E0B00C11105 /* Project object */ = {
			isa = PBXProject;
			attributes = {
				LastSwiftUpdateCheck = 0730;
				LastUpgradeCheck = 0730;
				ORGANIZATIONNAME = alumno;
				TargetAttributes = {
					FB9D0BEA1D6B6E0B00C11105 = {
						CreatedOnToolsVersion = 7.3.1;
					};
				};
			};
			buildConfigurationList = FB9D0BE61D6B6E0B00C11105 /* Build configuration list for PBXProject "UIViewGame" */;
			compatibilityVersion = "Xcode 3.2";
			developmentRegion = English;
			hasScannedForEncodings = 0;
			knownRegions = (
				en,
				Base,
			);
			mainGroup = FB9D0BE21D6B6E0B00C11105;
			productRefGroup = FB9D0BEC1D6B6E0B00C11105 /* Products */;
			projectDirPath = "";
			projectRoot = "";
			targets = (
				FB9D0BEA1D6B6E0B00C11105 /* UIViewGame */,
			);
		};
/* End PBXProject section */

/* Begin PBXResourcesBuildPhase section */
		FB9D0BE91D6B6E0B00C11105 /* Resources */ = {
			isa = PBXResourcesBuildPhase;
			buildActionMask = 2147483647;
			files = (
				FB9D0BF91D6B6E0B00C11105 /* LaunchScreen.storyboard in Resources */,
				FB9D0BF61D6B6E0B00C11105 /* Assets.xcassets in Resources */,
				FB9D0BF41D6B6E0B00C11105 /* Main.storyboard in Resources */,
			);
			runOnlyForDeploymentPostprocessing = 0;
		};
/* End PBXResourcesBuildPhase section */

/* Begin PBXSourcesBuildPhase section */
		FB9D0BE71D6B6E0B00C11105 /* Sources */ = {
			isa = PBXSourcesBuildPhase;
			buildActionMask = 2147483647;
			files = (
				FB9D0BF11D6B6E0B00C11105 /* ViewController.swift in Sources */,
				FB9D0BEF1D6B6E0B00C11105 /* AppDelegate.swift in Sources */,
			);
			runOnlyForDeploymentPostprocessing = 0;
		};
/* End PBXSourcesBuildPhase section */

/* Begin PBXVariantGroup section */
		FB9D0BF21D6B6E0B00C11105 /* Main.storyboard */ = {
			isa = PBXVariantGroup;
			children = (
				FB9D0BF31D6B6E0B00C11105 /* Base */,
			);
			name = Main.storyboard;
			sourceTree = "<group>";
		};
		FB9D0BF71D6B6E0B00C11105 /* LaunchScreen.storyboard */ = {
			isa = PBXVariantGroup;
			children = (
				FB9D0BF81D6B6E0B00C11105 /* Base */,
			);
			name = LaunchScreen.storyboard;
			sourceTree = "<group>";
		};
/* End PBXVariantGroup section */

/* Begin XCBuildConfiguration section */
		FB9D0BFB1D6B6E0B00C11105 /* Debug */ = {
			isa = XCBuildConfiguration;
			buildSettings = {
				ALWAYS_SEARCH_USER_PATHS = NO;
				CLANG_ANALYZER_NONNULL = YES;
				CLANG_CXX_LANGUAGE_STANDARD = "gnu++0x";
				CLANG_CXX_LIBRARY = "libc++";
				CLANG_ENABLE_MODULES = YES;
				CLANG_ENABLE_OBJC_ARC = YES;
				CLANG_WARN_BOOL_CONVERSION = YES;
				CLANG_WARN_CONSTANT_CONVERSION = YES;
				CLANG_WARN_DIRECT_OBJC_ISA_USAGE = YES_ERROR;
				CLANG_WARN_EMPTY_BODY = YES;
				CLANG_WARN_ENUM_CONVERSION = YES;
				CLANG_WARN_INT_CONVERSION = YES;
				CLANG_WARN_OBJC_ROOT_CLASS = YES_ERROR;
				CLANG_WARN_UNREACHABLE_CODE = YES;
				CLANG_WARN__DUPLICATE_METHOD_MATCH = YES;
				"CODE_SIGN_IDENTITY[sdk=iphoneos*]" = "iPhone Developer";
				COPY_PHASE_STRIP = NO;
				DEBUG_INFORMATION_FORMAT = dwarf;
				ENABLE_STRICT_OBJC_MSGSEND = YES;
				ENABLE_TESTABILITY = YES;
				GCC_C_LANGUAGE_STANDARD = gnu99;
				GCC_DYNAMIC_NO_PIC = NO;
				GCC_NO_COMMON_BLOCKS = YES;
				GCC_OPTIMIZATION_LEVEL = 0;
				GCC_PREPROCESSOR_DEFINITIONS = (
					"DEBUG=1",
					"$(inherited)",
				);
				GCC_WARN_64_TO_32_BIT_CONVERSION = YES;
				GCC_WARN_ABOUT_RETURN_TYPE = YES_ERROR;
				GCC_WARN_UNDECLARED_SELECTOR = YES;
				GCC_WARN_UNINITIALIZED_AUTOS = YES_AGGRESSIVE;
				GCC_WARN_UNUSED_FUNCTION = YES;
				GCC_WARN_UNUSED_VARIABLE = YES;
				IPHONEOS_DEPLOYMENT_TARGET = 9.3;
				MTL_ENABLE_DEBUG_INFO = YES;
				ONLY_ACTIVE_ARCH = YES;
				SDKROOT = iphoneos;
				SWIFT_OPTIMIZATION_LEVEL = "-Onone";
			};
			name = Debug;
		};
		FB9D0BFC1D6B6E0B00C11105 /* Release */ = {
			isa = XCBuildConfiguration;
			buildSettings = {
				ALWAYS_SEARCH_USER_PATHS = NO;
				CLANG_ANALYZER_NONNULL = YES;
				CLANG_CXX_LANGUAGE_STANDARD = "gnu++0x";
				CLANG_CXX_LIBRARY = "libc++";
				CLANG_ENABLE_MODULES = YES;
				CLANG_ENABLE_OBJC_ARC = YES;
				CLANG_WARN_BOOL_CONVERSION = YES;
				CLANG_WARN_CONSTANT_CONVERSION = YES;
				CLANG_WARN_DIRECT_OBJC_ISA_USAGE = YES_ERROR;
				CLANG_WARN_EMPTY_BODY = YES;
				CLANG_WARN_ENUM_CONVERSION = YES;
				CLANG_WARN_INT_CONVERSION = YES;
				CLANG_WARN_OBJC_ROOT_CLASS = YES_ERROR;
				CLANG_WARN_UNREACHABLE_CODE = YES;
				CLANG_WARN__DUPLICATE_METHOD_MATCH = YES;
				"CODE_SIGN_IDENTITY[sdk=iphoneos*]" = "iPhone Developer";
				COPY_PHASE_STRIP = NO;
				DEBUG_INFORMATION_FORMAT = "dwarf-with-dsym";
				ENABLE_NS_ASSERTIONS = NO;
				ENABLE_STRICT_OBJC_MSGSEND = YES;
				GCC_C_LANGUAGE_STANDARD = gnu99;
				GCC_NO_COMMON_BLOCKS = YES;
				GCC_WARN_64_TO_32_BIT_CONVERSION = YES;
				GCC_WARN_ABOUT_RETURN_TYPE = YES_ERROR;
				GCC_WARN_UNDECLARED_SELECTOR = YES;
				GCC_WARN_UNINITIALIZED_AUTOS = YES_AGGRESSIVE;
				GCC_WARN_UNUSED_FUNCTION = YES;
				GCC_WARN_UNUSED_VARIABLE = YES;
				IPHONEOS_DEPLOYMENT_TARGET = 9.3;
				MTL_ENABLE_DEBUG_INFO = NO;
				SDKROOT = iphoneos;
				VALIDATE_PRODUCT = YES;
			};
			name = Release;
		};
		FB9D0BFE1D6B6E0B00C11105 /* Debug */ = {
			isa = XCBuildConfiguration;
			buildSettings = {
				ASSETCATALOG_COMPILER_APPICON_NAME = AppIcon;
				INFOPLIST_FILE = UIViewGame/Info.plist;
				LD_RUNPATH_SEARCH_PATHS = "$(inherited) @executable_path/Frameworks";
				PRODUCT_BUNDLE_IDENTIFIER = alumno.demo.UIViewGame;
				PRODUCT_NAME = "$(TARGET_NAME)";
			};
			name = Debug;
		};
		FB9D0BFF1D6B6E0B00C11105 /* Release */ = {
			isa = XCBuildConfiguration;
			buildSettings = {
				ASSETCATALOG_COMPILER_APPICON_NAME = AppIcon;
				INFOPLIST_FILE = UIViewGame/Info.plist;
				LD_RUNPATH_SEARCH_PATHS = "$(inherited) @executable_path/Frameworks";
				PRODUCT_BUNDLE_IDENTIFIER = alumno.demo.UIViewGame;
				PRODUCT_NAME = "$(TARGET_NAME)";
			};
			name = Release;
		};
/* End XCBuildConfiguration section */

/* Begin XCConfigurationList section */
		FB9D0BE61D6B6E0B00C11105 /* Build configuration list for PBXProject "UIViewGame" */ = {
			isa = XCConfigurationList;
			buildConfigurations = (
				FB9D0BFB1D6B6E0B00C11105 /* Debug */,
				FB9D0BFC1D6B6E0B00C11105 /* Release */,
			);
			defaultConfigurationIsVisible = 0;
			defaultConfigurationName = Release;
		};
		FB9D0BFD1D6B6E0B00C11105 /* Build configuration list for PBXNativeTarget "UIViewGame" */ = {
			isa = XCConfigurationList;
			buildConfigurations = (
				FB9D0BFE1D6B6E0B00C11105 /* Debug */,
				FB9D0BFF1D6B6E0B00C11105 /* Release */,
			);
			defaultConfigurationIsVisible = 0;
		};
/* End XCConfigurationList section */
	};
	rootObject = FB9D0BE31D6B6E0B00C11105 /* Project object */;
}
